
Microsoft Visual Studio Solution File, Format Version 12.00
# Visual Studio 15
VisualStudioVersion = 15.0.27130.0
MinimumVisualStudioVersion = 10.0.40219.1
Project("{FAE04EC0-301F-11D3-BF4B-00C04F79EFBC}") = "BestPracticesCs", "BestPracticesCs\BestPracticesCs.csproj", "{266BA470-CA16-4E25-9107-EC668DF31BB6}"
EndProject
Project("{FAE04EC0-301F-11D3-BF4B-00C04F79EFBC}") = "HelperLibrary", "HelperLibrary\HelperLibrary.csproj", "{02377DF3-21BA-4AFF-9215-A5BF9E31AFDE}"
EndProject
Project("{FAE04EC0-301F-11D3-BF4B-00C04F79EFBC}") = "TuplesTest", "TuplesTest\TuplesTest.csproj", "{13ADD3C8-B36B-4483-A8C3-E98989C4663B}"
EndProject
Project("{FAE04EC0-301F-11D3-BF4B-00C04F79EFBC}") = "BinaryNumbers", "BinaryNumbers\BinaryNumbers.csproj", "{CCA44A0D-A440-429D-81F1-E02C76314B05}"
EndProject
Project("{FAE04EC0-301F-11D3-BF4B-00C04F79EFBC}") = "BasicTests", "BasicTests\BasicTests.csproj", "{2E625ABD-E27D-4B92-8BB8-E3DB10C9DAE1}"
EndProject
Project("{FAE04EC0-301F-11D3-BF4B-00C04F79EFBC}") = "UnityContainerSample", "UnityContainer\UnityContainerSample.csproj", "{E4F5E5E2-EC25-4638-82AE-ECDF9F7331C6}"
EndProject
Project("{FAE04EC0-301F-11D3-BF4B-00C04F79EFBC}") = "HelloWorld", "HelloWorld\HelloWorld.csproj", "{4EF8B282-56A6-469C-98B4-21AF042E2093}"
EndProject
Project("{FAE04EC0-301F-11D3-BF4B-00C04F79EFBC}") = "EFMigrations", "EFMigrations\EFMigrations.csproj", "{FB16E518-58C4-4994-B879-1D98812485D8}"
EndProject
Project("{FAE04EC0-301F-11D3-BF4B-00C04F79EFBC}") = "AnotherTest", "AnotherTest\AnotherTest.csproj", "{7E13ED6D-43B8-4E44-8741-5EA88B180874}"
EndProject
Global
	GlobalSection(SolutionConfigurationPlatforms) = preSolution
		Debug|Any CPU = Debug|Any CPU
		Debug|ARM = Debug|ARM
		Debug|x64 = Debug|x64
		Debug|x86 = Debug|x86
		Release|Any CPU = Release|Any CPU
		Release|ARM = Release|ARM
		Release|x64 = Release|x64
		Release|x86 = Release|x86
	EndGlobalSection
	GlobalSection(ProjectConfigurationPlatforms) = postSolution
		{266BA470-CA16-4E25-9107-EC668DF31BB6}.Debug|Any CPU.ActiveCfg = Debug|Any CPU
		{266BA470-CA16-4E25-9107-EC668DF31BB6}.Debug|Any CPU.Build.0 = Debug|Any CPU
		{266BA470-CA16-4E25-9107-EC668DF31BB6}.Debug|ARM.ActiveCfg = Debug|Any CPU
		{266BA470-CA16-4E25-9107-EC668DF31BB6}.Debug|ARM.Build.0 = Debug|Any CPU
		{266BA470-CA16-4E25-9107-EC668DF31BB6}.Debug|x64.ActiveCfg = Debug|Any CPU
		{266BA470-CA16-4E25-9107-EC668DF31BB6}.Debug|x64.Build.0 = Debug|Any CPU
		{266BA470-CA16-4E25-9107-EC668DF31BB6}.Debug|x86.ActiveCfg = Debug|Any CPU
		{266BA470-CA16-4E25-9107-EC668DF31BB6}.Debug|x86.Build.0 = Debug|Any CPU
		{266BA470-CA16-4E25-9107-EC668DF31BB6}.Release|Any CPU.ActiveCfg = Release|Any CPU
		{266BA470-CA16-4E25-9107-EC668DF31BB6}.Release|Any CPU.Build.0 = Release|Any CPU
		{266BA470-CA16-4E25-9107-EC668DF31BB6}.Release|ARM.ActiveCfg = Release|Any CPU
		{266BA470-CA16-4E25-9107-EC668DF31BB6}.Release|ARM.Build.0 = Release|Any CPU
		{266BA470-CA16-4E25-9107-EC668DF31BB6}.Release|x64.ActiveCfg = Release|Any CPU
		{266BA470-CA16-4E25-9107-EC668DF31BB6}.Release|x64.Build.0 = Release|Any CPU
		{266BA470-CA16-4E25-9107-EC668DF31BB6}.Release|x86.ActiveCfg = Release|Any CPU
		{266BA470-CA16-4E25-9107-EC668DF31BB6}.Release|x86.Build.0 = Release|Any CPU
		{02377DF3-21BA-4AFF-9215-A5BF9E31AFDE}.Debug|Any CPU.ActiveCfg = Debug|Any CPU
		{02377DF3-21BA-4AFF-9215-A5BF9E31AFDE}.Debug|Any CPU.Build.0 = Debug|Any CPU
		{02377DF3-21BA-4AFF-9215-A5BF9E31AFDE}.Debug|ARM.ActiveCfg = Debug|Any CPU
		{02377DF3-21BA-4AFF-9215-A5BF9E31AFDE}.Debug|ARM.Build.0 = Debug|Any CPU
		{02377DF3-21BA-4AFF-9215-A5BF9E31AFDE}.Debug|x64.ActiveCfg = Debug|Any CPU
		{02377DF3-21BA-4AFF-9215-A5BF9E31AFDE}.Debug|x64.Build.0 = Debug|Any CPU
		{02377DF3-21BA-4AFF-9215-A5BF9E31AFDE}.Debug|x86.ActiveCfg = Debug|Any CPU
		{02377DF3-21BA-4AFF-9215-A5BF9E31AFDE}.Debug|x86.Build.0 = Debug|Any CPU
		{02377DF3-21BA-4AFF-9215-A5BF9E31AFDE}.Release|Any CPU.ActiveCfg = Release|Any CPU
		{02377DF3-21BA-4AFF-9215-A5BF9E31AFDE}.Release|Any CPU.Build.0 = Release|Any CPU
		{02377DF3-21BA-4AFF-9215-A5BF9E31AFDE}.Release|ARM.ActiveCfg = Release|Any CPU
		{02377DF3-21BA-4AFF-9215-A5BF9E31AFDE}.Release|ARM.Build.0 = Release|Any CPU
		{02377DF3-21BA-4AFF-9215-A5BF9E31AFDE}.Release|x64.ActiveCfg = Release|Any CPU
		{02377DF3-21BA-4AFF-9215-A5BF9E31AFDE}.Release|x64.Build.0 = Release|Any CPU
		{02377DF3-21BA-4AFF-9215-A5BF9E31AFDE}.Release|x86.ActiveCfg = Release|Any CPU
		{02377DF3-21BA-4AFF-9215-A5BF9E31AFDE}.Release|x86.Build.0 = Release|Any CPU
		{13ADD3C8-B36B-4483-A8C3-E98989C4663B}.Debug|Any CPU.ActiveCfg = Debug|Any CPU
		{13ADD3C8-B36B-4483-A8C3-E98989C4663B}.Debug|Any CPU.Build.0 = Debug|Any CPU
		{13ADD3C8-B36B-4483-A8C3-E98989C4663B}.Debug|ARM.ActiveCfg = Debug|Any CPU
		{13ADD3C8-B36B-4483-A8C3-E98989C4663B}.Debug|ARM.Build.0 = Debug|Any CPU
		{13ADD3C8-B36B-4483-A8C3-E98989C4663B}.Debug|x64.ActiveCfg = Debug|Any CPU
		{13ADD3C8-B36B-4483-A8C3-E98989C4663B}.Debug|x64.Build.0 = Debug|Any CPU
		{13ADD3C8-B36B-4483-A8C3-E98989C4663B}.Debug|x86.ActiveCfg = Debug|Any CPU
		{13ADD3C8-B36B-4483-A8C3-E98989C4663B}.Debug|x86.Build.0 = Debug|Any CPU
		{13ADD3C8-B36B-4483-A8C3-E98989C4663B}.Release|Any CPU.ActiveCfg = Release|Any CPU
		{13ADD3C8-B36B-4483-A8C3-E98989C4663B}.Release|Any CPU.Build.0 = Release|Any CPU
		{13ADD3C8-B36B-4483-A8C3-E98989C4663B}.Release|ARM.ActiveCfg = Release|Any CPU
		{13ADD3C8-B36B-4483-A8C3-E98989C4663B}.Release|ARM.Build.0 = Release|Any CPU
		{13ADD3C8-B36B-4483-A8C3-E98989C4663B}.Release|x64.ActiveCfg = Release|Any CPU
		{13ADD3C8-B36B-4483-A8C3-E98989C4663B}.Release|x64.Build.0 = Release|Any CPU
		{13ADD3C8-B36B-4483-A8C3-E98989C4663B}.Release|x86.ActiveCfg = Release|Any CPU
		{13ADD3C8-B36B-4483-A8C3-E98989C4663B}.Release|x86.Build.0 = Release|Any CPU
		{CCA44A0D-A440-429D-81F1-E02C76314B05}.Debug|Any CPU.ActiveCfg = Debug|Any CPU
		{CCA44A0D-A440-429D-81F1-E02C76314B05}.Debug|Any CPU.Build.0 = Debug|Any CPU
		{CCA44A0D-A440-429D-81F1-E02C76314B05}.Debug|ARM.ActiveCfg = Debug|Any CPU
		{CCA44A0D-A440-429D-81F1-E02C76314B05}.Debug|ARM.Build.0 = Debug|Any CPU
		{CCA44A0D-A440-429D-81F1-E02C76314B05}.Debug|x64.ActiveCfg = Debug|Any CPU
		{CCA44A0D-A440-429D-81F1-E02C76314B05}.Debug|x64.Build.0 = Debug|Any CPU
		{CCA44A0D-A440-429D-81F1-E02C76314B05}.Debug|x86.ActiveCfg = Debug|Any CPU
		{CCA44A0D-A440-429D-81F1-E02C76314B05}.Debug|x86.Build.0 = Debug|Any CPU
		{CCA44A0D-A440-429D-81F1-E02C76314B05}.Release|Any CPU.ActiveCfg = Release|Any CPU
		{CCA44A0D-A440-429D-81F1-E02C76314B05}.Release|Any CPU.Build.0 = Release|Any CPU
		{CCA44A0D-A440-429D-81F1-E02C76314B05}.Release|ARM.ActiveCfg = Release|Any CPU
		{CCA44A0D-A440-429D-81F1-E02C76314B05}.Release|ARM.Build.0 = Release|Any CPU
		{CCA44A0D-A440-429D-81F1-E02C76314B05}.Release|x64.ActiveCfg = Release|Any CPU
		{CCA44A0D-A440-429D-81F1-E02C76314B05}.Release|x64.Build.0 = Release|Any CPU
		{CCA44A0D-A440-429D-81F1-E02C76314B05}.Release|x86.ActiveCfg = Release|Any CPU
		{CCA44A0D-A440-429D-81F1-E02C76314B05}.Release|x86.Build.0 = Release|Any CPU
		{2E625ABD-E27D-4B92-8BB8-E3DB10C9DAE1}.Debug|Any CPU.ActiveCfg = Debug|Any CPU
		{2E625ABD-E27D-4B92-8BB8-E3DB10C9DAE1}.Debug|Any CPU.Build.0 = Debug|Any CPU
		{2E625ABD-E27D-4B92-8BB8-E3DB10C9DAE1}.Debug|ARM.ActiveCfg = Debug|Any CPU
		{2E625ABD-E27D-4B92-8BB8-E3DB10C9DAE1}.Debug|ARM.Build.0 = Debug|Any CPU
		{2E625ABD-E27D-4B92-8BB8-E3DB10C9DAE1}.Debug|x64.ActiveCfg = Debug|Any CPU
		{2E625ABD-E27D-4B92-8BB8-E3DB10C9DAE1}.Debug|x64.Build.0 = Debug|Any CPU
		{2E625ABD-E27D-4B92-8BB8-E3DB10C9DAE1}.Debug|x86.ActiveCfg = Debug|Any CPU
		{2E625ABD-E27D-4B92-8BB8-E3DB10C9DAE1}.Debug|x86.Build.0 = Debug|Any CPU
		{2E625ABD-E27D-4B92-8BB8-E3DB10C9DAE1}.Release|Any CPU.ActiveCfg = Release|Any CPU
		{2E625ABD-E27D-4B92-8BB8-E3DB10C9DAE1}.Release|Any CPU.Build.0 = Release|Any CPU
		{2E625ABD-E27D-4B92-8BB8-E3DB10C9DAE1}.Release|ARM.ActiveCfg = Release|Any CPU
		{2E625ABD-E27D-4B92-8BB8-E3DB10C9DAE1}.Release|ARM.Build.0 = Release|Any CPU
		{2E625ABD-E27D-4B92-8BB8-E3DB10C9DAE1}.Release|x64.ActiveCfg = Release|Any CPU
		{2E625ABD-E27D-4B92-8BB8-E3DB10C9DAE1}.Release|x64.Build.0 = Release|Any CPU
		{2E625ABD-E27D-4B92-8BB8-E3DB10C9DAE1}.Release|x86.ActiveCfg = Release|Any CPU
		{2E625ABD-E27D-4B92-8BB8-E3DB10C9DAE1}.Release|x86.Build.0 = Release|Any CPU
		{E4F5E5E2-EC25-4638-82AE-ECDF9F7331C6}.Debug|Any CPU.ActiveCfg = Debug|Any CPU
		{E4F5E5E2-EC25-4638-82AE-ECDF9F7331C6}.Debug|Any CPU.Build.0 = Debug|Any CPU
		{E4F5E5E2-EC25-4638-82AE-ECDF9F7331C6}.Debug|ARM.ActiveCfg = Debug|Any CPU
		{E4F5E5E2-EC25-4638-82AE-ECDF9F7331C6}.Debug|ARM.Build.0 = Debug|Any CPU
		{E4F5E5E2-EC25-4638-82AE-ECDF9F7331C6}.Debug|x64.ActiveCfg = Debug|Any CPU
		{E4F5E5E2-EC25-4638-82AE-ECDF9F7331C6}.Debug|x64.Build.0 = Debug|Any CPU
		{E4F5E5E2-EC25-4638-82AE-ECDF9F7331C6}.Debug|x86.ActiveCfg = Debug|Any CPU
		{E4F5E5E2-EC25-4638-82AE-ECDF9F7331C6}.Debug|x86.Build.0 = Debug|Any CPU
		{E4F5E5E2-EC25-4638-82AE-ECDF9F7331C6}.Release|Any CPU.ActiveCfg = Release|Any CPU
		{E4F5E5E2-EC25-4638-82AE-ECDF9F7331C6}.Release|Any CPU.Build.0 = Release|Any CPU
		{E4F5E5E2-EC25-4638-82AE-ECDF9F7331C6}.Release|ARM.ActiveCfg = Release|Any CPU
		{E4F5E5E2-EC25-4638-82AE-ECDF9F7331C6}.Release|ARM.Build.0 = Release|Any CPU
		{E4F5E5E2-EC25-4638-82AE-ECDF9F7331C6}.Release|x64.ActiveCfg = Release|Any CPU
		{E4F5E5E2-EC25-4638-82AE-ECDF9F7331C6}.Release|x64.Build.0 = Release|Any CPU
		{E4F5E5E2-EC25-4638-82AE-ECDF9F7331C6}.Release|x86.ActiveCfg = Release|Any CPU
		{E4F5E5E2-EC25-4638-82AE-ECDF9F7331C6}.Release|x86.Build.0 = Release|Any CPU
		{4EF8B282-56A6-469C-98B4-21AF042E2093}.Debug|Any CPU.ActiveCfg = Debug|Any CPU
		{4EF8B282-56A6-469C-98B4-21AF042E2093}.Debug|Any CPU.Build.0 = Debug|Any CPU
		{4EF8B282-56A6-469C-98B4-21AF042E2093}.Debug|ARM.ActiveCfg = Debug|Any CPU
		{4EF8B282-56A6-469C-98B4-21AF042E2093}.Debug|ARM.Build.0 = Debug|Any CPU
		{4EF8B282-56A6-469C-98B4-21AF042E2093}.Debug|x64.ActiveCfg = Debug|Any CPU
		{4EF8B282-56A6-469C-98B4-21AF042E2093}.Debug|x64.Build.0 = Debug|Any CPU
		{4EF8B282-56A6-469C-98B4-21AF042E2093}.Debug|x86.ActiveCfg = Debug|Any CPU
		{4EF8B282-56A6-469C-98B4-21AF042E2093}.Debug|x86.Build.0 = Debug|Any CPU
		{4EF8B282-56A6-469C-98B4-21AF042E2093}.Release|Any CPU.ActiveCfg = Release|Any CPU
		{4EF8B282-56A6-469C-98B4-21AF042E2093}.Release|Any CPU.Build.0 = Release|Any CPU
		{4EF8B282-56A6-469C-98B4-21AF042E2093}.Release|ARM.ActiveCfg = Release|Any CPU
		{4EF8B282-56A6-469C-98B4-21AF042E2093}.Release|ARM.Build.0 = Release|Any CPU
		{4EF8B282-56A6-469C-98B4-21AF042E2093}.Release|x64.ActiveCfg = Release|Any CPU
		{4EF8B282-56A6-469C-98B4-21AF042E2093}.Release|x64.Build.0 = Release|Any CPU
		{4EF8B282-56A6-469C-98B4-21AF042E2093}.Release|x86.ActiveCfg = Release|Any CPU
		{4EF8B282-56A6-469C-98B4-21AF042E2093}.Release|x86.Build.0 = Release|Any CPU
		{FB16E518-58C4-4994-B879-1D98812485D8}.Debug|Any CPU.ActiveCfg = Debug|Any CPU
		{FB16E518-58C4-4994-B879-1D98812485D8}.Debug|Any CPU.Build.0 = Debug|Any CPU
		{FB16E518-58C4-4994-B879-1D98812485D8}.Debug|ARM.ActiveCfg = Debug|Any CPU
		{FB16E518-58C4-4994-B879-1D98812485D8}.Debug|ARM.Build.0 = Debug|Any CPU
		{FB16E518-58C4-4994-B879-1D98812485D8}.Debug|x64.ActiveCfg = Debug|Any CPU
		{FB16E518-58C4-4994-B879-1D98812485D8}.Debug|x64.Build.0 = Debug|Any CPU
		{FB16E518-58C4-4994-B879-1D98812485D8}.Debug|x86.ActiveCfg = Debug|Any CPU
		{FB16E518-58C4-4994-B879-1D98812485D8}.Debug|x86.Build.0 = Debug|Any CPU
		{FB16E518-58C4-4994-B879-1D98812485D8}.Release|Any CPU.ActiveCfg = Release|Any CPU
		{FB16E518-58C4-4994-B879-1D98812485D8}.Release|Any CPU.Build.0 = Release|Any CPU
		{FB16E518-58C4-4994-B879-1D98812485D8}.Release|ARM.ActiveCfg = Release|Any CPU
		{FB16E518-58C4-4994-B879-1D98812485D8}.Release|ARM.Build.0 = Release|Any CPU
		{FB16E518-58C4-4994-B879-1D98812485D8}.Release|x64.ActiveCfg = Release|Any CPU
		{FB16E518-58C4-4994-B879-1D98812485D8}.Release|x64.Build.0 = Release|Any CPU
		{FB16E518-58C4-4994-B879-1D98812485D8}.Release|x86.ActiveCfg = Release|Any CPU
		{FB16E518-58C4-4994-B879-1D98812485D8}.Release|x86.Build.0 = Release|Any CPU
		{7E13ED6D-43B8-4E44-8741-5EA88B180874}.Debug|Any CPU.ActiveCfg = Debug|Any CPU
		{7E13ED6D-43B8-4E44-8741-5EA88B180874}.Debug|Any CPU.Build.0 = Debug|Any CPU
		{7E13ED6D-43B8-4E44-8741-5EA88B180874}.Debug|ARM.ActiveCfg = Debug|Any CPU
		{7E13ED6D-43B8-4E44-8741-5EA88B180874}.Debug|ARM.Build.0 = Debug|Any CPU
		{7E13ED6D-43B8-4E44-8741-5EA88B180874}.Debug|x64.ActiveCfg = Debug|Any CPU
		{7E13ED6D-43B8-4E44-8741-5EA88B180874}.Debug|x64.Build.0 = Debug|Any CPU
		{7E13ED6D-43B8-4E44-8741-5EA88B180874}.Debug|x86.ActiveCfg = Debug|Any CPU
		{7E13ED6D-43B8-4E44-8741-5EA88B180874}.Debug|x86.Build.0 = Debug|Any CPU
		{7E13ED6D-43B8-4E44-8741-5EA88B180874}.Release|Any CPU.ActiveCfg = Release|Any CPU
		{7E13ED6D-43B8-4E44-8741-5EA88B180874}.Release|Any CPU.Build.0 = Release|Any CPU
		{7E13ED6D-43B8-4E44-8741-5EA88B180874}.Release|ARM.ActiveCfg = Release|Any CPU
		{7E13ED6D-43B8-4E44-8741-5EA88B180874}.Release|ARM.Build.0 = Release|Any CPU
		{7E13ED6D-43B8-4E44-8741-5EA88B180874}.Release|x64.ActiveCfg = Release|Any CPU
		{7E13ED6D-43B8-4E44-8741-5EA88B180874}.Release|x64.Build.0 = Release|Any CPU
		{7E13ED6D-43B8-4E44-8741-5EA88B180874}.Release|x86.ActiveCfg = Release|Any CPU
		{7E13ED6D-43B8-4E44-8741-5EA88B180874}.Release|x86.Build.0 = Release|Any CPU
	EndGlobalSection
	GlobalSection(SolutionProperties) = preSolution
		HideSolutionNode = FALSE
	EndGlobalSection
	GlobalSection(ExtensibilityGlobals) = postSolution
		SolutionGuid = {F36F8F16-E8FF-4772-85E7-8D4A2767046D}
	EndGlobalSection
EndGlobal
